
Microsoft Visual Studio Solution File, Format Version 12.00
# Visual Studio 15
VisualStudioVersion = 15.0.27130.2027
MinimumVisualStudioVersion = 10.0.40219.1
Project("{FAE04EC0-301F-11D3-BF4B-00C04F79EFBC}") = "MainProgram", "MainProgram\MainProgram.csproj", "{D9601453-E496-427E-B30B-295600E81887}"
EndProject
Global
	GlobalSection(SolutionConfigurationPlatforms) = preSolution
		Debug|Any CPU = Debug|Any CPU
		Release|Any CPU = Release|Any CPU
	EndGlobalSection
	GlobalSection(ProjectConfigurationPlatforms) = postSolution
		{D9601453-E496-427E-B30B-295600E81887}.Debug|Any CPU.ActiveCfg = Debug|Any CPU
		{D9601453-E496-427E-B30B-295600E81887}.Debug|Any CPU.Build.0 = Debug|Any CPU
		{D9601453-E496-427E-B30B-295600E81887}.Release|Any CPU.ActiveCfg = Release|Any CPU
		{D9601453-E496-427E-B30B-295600E81887}.Release|Any CPU.Build.0 = Release|Any CPU
	EndGlobalSection
	GlobalSection(SolutionProperties) = preSolution
		HideSolutionNode = FALSE
	EndGlobalSection
	GlobalSection(ExtensibilityGlobals) = postSolution
		SolutionGuid = {F646B4FF-BA15-4D32-A0C8-9DA321C49B85}
	EndGlobalSection
EndGlobal
